lockfileVersion: "9.0"

settings:
  autoInstallPeers: true
  excludeLinksFromLockfile: false

importers:
  .:
    dependencies:
      husky:
        specifier: ^9.1.7
        version: 9.1.7
      semver:
        specifier: ^7.7.2
        version: 7.7.2

packages:
  husky@9.1.7:
    resolution:
      {
        integrity: sha512-5gs5ytaNjBrh5Ow3zrvdUUY+0VxIuWVL4i9irt6friV+BqdCfmV11CQTWMiBYWHbXhco+J1kHfTOUkePhCDvMA==,
      }
    engines: { node: ">=18" }
    hasBin: true

  semver@7.7.2:
    resolution:
      {
        integrity: sha512-RF0Fw+rO5AMf9MAyaRXI4AV0Ulj5lMHqVxxdSgiVbixSCXoEmmX/jk0CuJw4+3SqroYO9VoUh+HcuJivvtJemA==,
      }
    engines: { node: ">=10" }
    hasBin: true

snapshots:
  husky@9.1.7: {}

  semver@7.7.2: {}
